github.com/BurntSushi/toml v1.6.0 h1:dRaEfpa2VI55EwlIW72hMRHdWouJeRF7TPYhI+AUQjk=
github.com/BurntSushi/toml v1.6.0/go.mod h1:ukJfTF/6rtPPRCnwkur4qwRxa8vTRFBF0uk2lLoLwho=
github.com/coderaiser/go-tape v1.4.0 h1:p+5jp8OrOnby9RgDe7uBOJlBuuTNZ61crQNaxXFzRn0=
github.com/coderaiser/go-tape v1.4.0/go.mod h1:9bbfHZyOlYmkAQ/rWopLUKgj8/82cX+oVMfflCbrYT8=
github.com/golang/tools v0.48.0 h1:y8IbSRDt5BUeSpKszXEs7bUMfGw+UT+NLk5+EVhW87c=
github.com/golang/tools v0.48.0/go.mod h1:08xX0orndb/F7jJxGDicx061tyd5pcMto75YMAXr6lk=
